
Microsoft Visual Studio Solution File, Format Version 12.00
# Visual Studio Version 17
VisualStudioVersion = 17.3.32922.545
MinimumVisualStudioVersion = 10.0.40219.1
Project("{FAE04EC0-301F-11D3-BF4B-00C04F79EFBC}") = "Ex55", "Ex55\Ex55.csproj", "{92768015-1025-4EAD-B257-2953AEFC0576}"
EndProject
Global
	GlobalSection(SolutionConfigurationPlatforms) = preSolution
		Debug|Any CPU = Debug|Any CPU
		Release|Any CPU = Release|Any CPU
	EndGlobalSection
	GlobalSection(ProjectConfigurationPlatforms) = postSolution
		{92768015-1025-4EAD-B257-2953AEFC0576}.Debug|Any CPU.ActiveCfg = Debug|Any CPU
		{92768015-1025-4EAD-B257-2953AEFC0576}.Debug|Any CPU.Build.0 = Debug|Any CPU
		{92768015-1025-4EAD-B257-2953AEFC0576}.Release|Any CPU.ActiveCfg = Release|Any CPU
		{92768015-1025-4EAD-B257-2953AEFC0576}.Release|Any CPU.Build.0 = Release|Any CPU
	EndGlobalSection
	GlobalSection(SolutionProperties) = preSolution
		HideSolutionNode = FALSE
	EndGlobalSection
	GlobalSection(ExtensibilityGlobals) = postSolution
		SolutionGuid = {60529F56-F7CB-4D6F-A5C7-45A85992F712}
	EndGlobalSection
EndGlobal
