
Microsoft Visual Studio Solution File, Format Version 12.00
# Visual Studio 15
VisualStudioVersion = 15.0.28307.572
MinimumVisualStudioVersion = 10.0.40219.1
Project("{FAE04EC0-301F-11D3-BF4B-00C04F79EFBC}") = "Ex73", "Ex73\Ex73.csproj", "{3BCC9F87-899C-4B30-991D-7D19FCDE0A85}"
EndProject
Global
	GlobalSection(SolutionConfigurationPlatforms) = preSolution
		Debug|Any CPU = Debug|Any CPU
		Release|Any CPU = Release|Any CPU
	EndGlobalSection
	GlobalSection(ProjectConfigurationPlatforms) = postSolution
		{3BCC9F87-899C-4B30-991D-7D19FCDE0A85}.Debug|Any CPU.ActiveCfg = Debug|Any CPU
		{3BCC9F87-899C-4B30-991D-7D19FCDE0A85}.Debug|Any CPU.Build.0 = Debug|Any CPU
		{3BCC9F87-899C-4B30-991D-7D19FCDE0A85}.Release|Any CPU.ActiveCfg = Release|Any CPU
		{3BCC9F87-899C-4B30-991D-7D19FCDE0A85}.Release|Any CPU.Build.0 = Release|Any CPU
	EndGlobalSection
	GlobalSection(SolutionProperties) = preSolution
		HideSolutionNode = FALSE
	EndGlobalSection
	GlobalSection(ExtensibilityGlobals) = postSolution
		SolutionGuid = {DEB9F5B2-3A26-4DDB-92C0-4C7273D1907A}
	EndGlobalSection
EndGlobal
