
Microsoft Visual Studio Solution File, Format Version 12.00
# Visual Studio Version 17
VisualStudioVersion = 17.3.32922.545
MinimumVisualStudioVersion = 10.0.40219.1
Project("{FAE04EC0-301F-11D3-BF4B-00C04F79EFBC}") = "Ex56", "Ex56\Ex56.csproj", "{C7FAB9D5-CD85-48B8-8616-2A89730D6AD7}"
EndProject
Global
	GlobalSection(SolutionConfigurationPlatforms) = preSolution
		Debug|Any CPU = Debug|Any CPU
		Release|Any CPU = Release|Any CPU
	EndGlobalSection
	GlobalSection(ProjectConfigurationPlatforms) = postSolution
		{C7FAB9D5-CD85-48B8-8616-2A89730D6AD7}.Debug|Any CPU.ActiveCfg = Debug|Any CPU
		{C7FAB9D5-CD85-48B8-8616-2A89730D6AD7}.Debug|Any CPU.Build.0 = Debug|Any CPU
		{C7FAB9D5-CD85-48B8-8616-2A89730D6AD7}.Release|Any CPU.ActiveCfg = Release|Any CPU
		{C7FAB9D5-CD85-48B8-8616-2A89730D6AD7}.Release|Any CPU.Build.0 = Release|Any CPU
	EndGlobalSection
	GlobalSection(SolutionProperties) = preSolution
		HideSolutionNode = FALSE
	EndGlobalSection
	GlobalSection(ExtensibilityGlobals) = postSolution
		SolutionGuid = {B84C43A7-3019-4652-9272-189858853F99}
	EndGlobalSection
EndGlobal
