
Microsoft Visual Studio Solution File, Format Version 12.00
# Visual Studio 15
VisualStudioVersion = 15.0.28307.572
MinimumVisualStudioVersion = 10.0.40219.1
Project("{FAE04EC0-301F-11D3-BF4B-00C04F79EFBC}") = "Ex49", "Ex49\Ex49.csproj", "{66E60DE2-74D5-47D2-A646-3643DE748E5A}"
EndProject
Global
	GlobalSection(SolutionConfigurationPlatforms) = preSolution
		Debug|Any CPU = Debug|Any CPU
		Release|Any CPU = Release|Any CPU
	EndGlobalSection
	GlobalSection(ProjectConfigurationPlatforms) = postSolution
		{66E60DE2-74D5-47D2-A646-3643DE748E5A}.Debug|Any CPU.ActiveCfg = Debug|Any CPU
		{66E60DE2-74D5-47D2-A646-3643DE748E5A}.Debug|Any CPU.Build.0 = Debug|Any CPU
		{66E60DE2-74D5-47D2-A646-3643DE748E5A}.Release|Any CPU.ActiveCfg = Release|Any CPU
		{66E60DE2-74D5-47D2-A646-3643DE748E5A}.Release|Any CPU.Build.0 = Release|Any CPU
	EndGlobalSection
	GlobalSection(SolutionProperties) = preSolution
		HideSolutionNode = FALSE
	EndGlobalSection
	GlobalSection(ExtensibilityGlobals) = postSolution
		SolutionGuid = {4786F3CB-8FFD-42B8-AE6C-EE783F031C85}
	EndGlobalSection
EndGlobal
