
Microsoft Visual Studio Solution File, Format Version 12.00
# Visual Studio 15
VisualStudioVersion = 15.0.28307.572
MinimumVisualStudioVersion = 10.0.40219.1
Project("{FAE04EC0-301F-11D3-BF4B-00C04F79EFBC}") = "Ex8Area", "Ex8Area\Ex8Area.csproj", "{60061EDA-C570-4AAC-AB92-2A5008CA6D00}"
EndProject
Global
	GlobalSection(SolutionConfigurationPlatforms) = preSolution
		Debug|Any CPU = Debug|Any CPU
		Release|Any CPU = Release|Any CPU
	EndGlobalSection
	GlobalSection(ProjectConfigurationPlatforms) = postSolution
		{60061EDA-C570-4AAC-AB92-2A5008CA6D00}.Debug|Any CPU.ActiveCfg = Debug|Any CPU
		{60061EDA-C570-4AAC-AB92-2A5008CA6D00}.Debug|Any CPU.Build.0 = Debug|Any CPU
		{60061EDA-C570-4AAC-AB92-2A5008CA6D00}.Release|Any CPU.ActiveCfg = Release|Any CPU
		{60061EDA-C570-4AAC-AB92-2A5008CA6D00}.Release|Any CPU.Build.0 = Release|Any CPU
	EndGlobalSection
	GlobalSection(SolutionProperties) = preSolution
		HideSolutionNode = FALSE
	EndGlobalSection
	GlobalSection(ExtensibilityGlobals) = postSolution
		SolutionGuid = {DA1137FD-90C4-4305-9AF9-FEE7B2803A40}
	EndGlobalSection
EndGlobal
