
Microsoft Visual Studio Solution File, Format Version 12.00
# Visual Studio 15
VisualStudioVersion = 15.0.28307.572
MinimumVisualStudioVersion = 10.0.40219.1
Project("{FAE04EC0-301F-11D3-BF4B-00C04F79EFBC}") = "Ex68", "Ex68\Ex68.csproj", "{67CC38F1-1DA9-453F-8C9E-40BD5A16DBF8}"
EndProject
Global
	GlobalSection(SolutionConfigurationPlatforms) = preSolution
		Debug|Any CPU = Debug|Any CPU
		Release|Any CPU = Release|Any CPU
	EndGlobalSection
	GlobalSection(ProjectConfigurationPlatforms) = postSolution
		{67CC38F1-1DA9-453F-8C9E-40BD5A16DBF8}.Debug|Any CPU.ActiveCfg = Debug|Any CPU
		{67CC38F1-1DA9-453F-8C9E-40BD5A16DBF8}.Debug|Any CPU.Build.0 = Debug|Any CPU
		{67CC38F1-1DA9-453F-8C9E-40BD5A16DBF8}.Release|Any CPU.ActiveCfg = Release|Any CPU
		{67CC38F1-1DA9-453F-8C9E-40BD5A16DBF8}.Release|Any CPU.Build.0 = Release|Any CPU
	EndGlobalSection
	GlobalSection(SolutionProperties) = preSolution
		HideSolutionNode = FALSE
	EndGlobalSection
	GlobalSection(ExtensibilityGlobals) = postSolution
		SolutionGuid = {0F8CBC04-0091-42EF-B178-B90BADA2514A}
	EndGlobalSection
EndGlobal
