
Microsoft Visual Studio Solution File, Format Version 12.00
# Visual Studio 15
VisualStudioVersion = 15.0.28307.572
MinimumVisualStudioVersion = 10.0.40219.1
Project("{FAE04EC0-301F-11D3-BF4B-00C04F79EFBC}") = "Ex70", "Ex70\Ex70.csproj", "{1967BAC2-F311-4689-9151-92076F6B4C3E}"
EndProject
Global
	GlobalSection(SolutionConfigurationPlatforms) = preSolution
		Debug|Any CPU = Debug|Any CPU
		Release|Any CPU = Release|Any CPU
	EndGlobalSection
	GlobalSection(ProjectConfigurationPlatforms) = postSolution
		{1967BAC2-F311-4689-9151-92076F6B4C3E}.Debug|Any CPU.ActiveCfg = Debug|Any CPU
		{1967BAC2-F311-4689-9151-92076F6B4C3E}.Debug|Any CPU.Build.0 = Debug|Any CPU
		{1967BAC2-F311-4689-9151-92076F6B4C3E}.Release|Any CPU.ActiveCfg = Release|Any CPU
		{1967BAC2-F311-4689-9151-92076F6B4C3E}.Release|Any CPU.Build.0 = Release|Any CPU
	EndGlobalSection
	GlobalSection(SolutionProperties) = preSolution
		HideSolutionNode = FALSE
	EndGlobalSection
	GlobalSection(ExtensibilityGlobals) = postSolution
		SolutionGuid = {3ED96659-23EA-4301-BDE5-D94D83D25DE9}
	EndGlobalSection
EndGlobal
