
Microsoft Visual Studio Solution File, Format Version 12.00
# Visual Studio 15
VisualStudioVersion = 15.0.28307.572
MinimumVisualStudioVersion = 10.0.40219.1
Project("{FAE04EC0-301F-11D3-BF4B-00C04F79EFBC}") = "Ex67", "Ex67\Ex67.csproj", "{FEFEF058-E33F-40B9-9390-03E0C0AE6242}"
EndProject
Global
	GlobalSection(SolutionConfigurationPlatforms) = preSolution
		Debug|Any CPU = Debug|Any CPU
		Release|Any CPU = Release|Any CPU
	EndGlobalSection
	GlobalSection(ProjectConfigurationPlatforms) = postSolution
		{FEFEF058-E33F-40B9-9390-03E0C0AE6242}.Debug|Any CPU.ActiveCfg = Debug|Any CPU
		{FEFEF058-E33F-40B9-9390-03E0C0AE6242}.Debug|Any CPU.Build.0 = Debug|Any CPU
		{FEFEF058-E33F-40B9-9390-03E0C0AE6242}.Release|Any CPU.ActiveCfg = Release|Any CPU
		{FEFEF058-E33F-40B9-9390-03E0C0AE6242}.Release|Any CPU.Build.0 = Release|Any CPU
	EndGlobalSection
	GlobalSection(SolutionProperties) = preSolution
		HideSolutionNode = FALSE
	EndGlobalSection
	GlobalSection(ExtensibilityGlobals) = postSolution
		SolutionGuid = {FA6C4669-A796-4F6E-ABA1-20D279932A5F}
	EndGlobalSection
EndGlobal
