
Microsoft Visual Studio Solution File, Format Version 12.00
# Visual Studio 15
VisualStudioVersion = 15.0.28307.572
MinimumVisualStudioVersion = 10.0.40219.1
Project("{FAE04EC0-301F-11D3-BF4B-00C04F79EFBC}") = "Ex9", "Ex9\Ex9.csproj", "{45E5ACF2-CD52-47EA-8D01-42EAFC1FCDE1}"
EndProject
Global
	GlobalSection(SolutionConfigurationPlatforms) = preSolution
		Debug|Any CPU = Debug|Any CPU
		Release|Any CPU = Release|Any CPU
	EndGlobalSection
	GlobalSection(ProjectConfigurationPlatforms) = postSolution
		{45E5ACF2-CD52-47EA-8D01-42EAFC1FCDE1}.Debug|Any CPU.ActiveCfg = Debug|Any CPU
		{45E5ACF2-CD52-47EA-8D01-42EAFC1FCDE1}.Debug|Any CPU.Build.0 = Debug|Any CPU
		{45E5ACF2-CD52-47EA-8D01-42EAFC1FCDE1}.Release|Any CPU.ActiveCfg = Release|Any CPU
		{45E5ACF2-CD52-47EA-8D01-42EAFC1FCDE1}.Release|Any CPU.Build.0 = Release|Any CPU
	EndGlobalSection
	GlobalSection(SolutionProperties) = preSolution
		HideSolutionNode = FALSE
	EndGlobalSection
	GlobalSection(ExtensibilityGlobals) = postSolution
		SolutionGuid = {E81F37A1-C4DF-477B-9F9D-DABFD051E5E1}
	EndGlobalSection
EndGlobal
