
Microsoft Visual Studio Solution File, Format Version 12.00
# Visual Studio 15
VisualStudioVersion = 15.0.28307.572
MinimumVisualStudioVersion = 10.0.40219.1
Project("{FAE04EC0-301F-11D3-BF4B-00C04F79EFBC}") = "Ex47", "Ex47\Ex47.csproj", "{F69417C7-13F5-4837-A234-F612E1236EAE}"
EndProject
Global
	GlobalSection(SolutionConfigurationPlatforms) = preSolution
		Debug|Any CPU = Debug|Any CPU
		Release|Any CPU = Release|Any CPU
	EndGlobalSection
	GlobalSection(ProjectConfigurationPlatforms) = postSolution
		{F69417C7-13F5-4837-A234-F612E1236EAE}.Debug|Any CPU.ActiveCfg = Debug|Any CPU
		{F69417C7-13F5-4837-A234-F612E1236EAE}.Debug|Any CPU.Build.0 = Debug|Any CPU
		{F69417C7-13F5-4837-A234-F612E1236EAE}.Release|Any CPU.ActiveCfg = Release|Any CPU
		{F69417C7-13F5-4837-A234-F612E1236EAE}.Release|Any CPU.Build.0 = Release|Any CPU
	EndGlobalSection
	GlobalSection(SolutionProperties) = preSolution
		HideSolutionNode = FALSE
	EndGlobalSection
	GlobalSection(ExtensibilityGlobals) = postSolution
		SolutionGuid = {C7726BDA-62AB-4A88-9EFB-C17761594324}
	EndGlobalSection
EndGlobal
