
Microsoft Visual Studio Solution File, Format Version 12.00
# Visual Studio Version 17
VisualStudioVersion = 17.3.32922.545
MinimumVisualStudioVersion = 10.0.40219.1
Project("{FAE04EC0-301F-11D3-BF4B-00C04F79EFBC}") = "Ex63", "Ex63\Ex63.csproj", "{5D8AABF1-DD2E-46C5-8863-B7CA3DAFD131}"
EndProject
Global
	GlobalSection(SolutionConfigurationPlatforms) = preSolution
		Debug|Any CPU = Debug|Any CPU
		Release|Any CPU = Release|Any CPU
	EndGlobalSection
	GlobalSection(ProjectConfigurationPlatforms) = postSolution
		{5D8AABF1-DD2E-46C5-8863-B7CA3DAFD131}.Debug|Any CPU.ActiveCfg = Debug|Any CPU
		{5D8AABF1-DD2E-46C5-8863-B7CA3DAFD131}.Debug|Any CPU.Build.0 = Debug|Any CPU
		{5D8AABF1-DD2E-46C5-8863-B7CA3DAFD131}.Release|Any CPU.ActiveCfg = Release|Any CPU
		{5D8AABF1-DD2E-46C5-8863-B7CA3DAFD131}.Release|Any CPU.Build.0 = Release|Any CPU
	EndGlobalSection
	GlobalSection(SolutionProperties) = preSolution
		HideSolutionNode = FALSE
	EndGlobalSection
	GlobalSection(ExtensibilityGlobals) = postSolution
		SolutionGuid = {52362587-DF52-4064-8548-35D1BD11F568}
	EndGlobalSection
EndGlobal
