
Microsoft Visual Studio Solution File, Format Version 12.00
# Visual Studio 15
VisualStudioVersion = 15.0.28307.572
MinimumVisualStudioVersion = 10.0.40219.1
Project("{FAE04EC0-301F-11D3-BF4B-00C04F79EFBC}") = "Ex50", "Ex50\Ex50.csproj", "{AA2ED716-239B-476B-A273-8C6EB4CBF029}"
EndProject
Global
	GlobalSection(SolutionConfigurationPlatforms) = preSolution
		Debug|Any CPU = Debug|Any CPU
		Release|Any CPU = Release|Any CPU
	EndGlobalSection
	GlobalSection(ProjectConfigurationPlatforms) = postSolution
		{AA2ED716-239B-476B-A273-8C6EB4CBF029}.Debug|Any CPU.ActiveCfg = Debug|Any CPU
		{AA2ED716-239B-476B-A273-8C6EB4CBF029}.Debug|Any CPU.Build.0 = Debug|Any CPU
		{AA2ED716-239B-476B-A273-8C6EB4CBF029}.Release|Any CPU.ActiveCfg = Release|Any CPU
		{AA2ED716-239B-476B-A273-8C6EB4CBF029}.Release|Any CPU.Build.0 = Release|Any CPU
	EndGlobalSection
	GlobalSection(SolutionProperties) = preSolution
		HideSolutionNode = FALSE
	EndGlobalSection
	GlobalSection(ExtensibilityGlobals) = postSolution
		SolutionGuid = {860C6BCF-4F6F-482D-A3F5-F6E3DB80C884}
	EndGlobalSection
EndGlobal
